<?xml version="1.0" encoding="UTF-8"?>
<!DOCTYPE plist PUBLIC "-//Apple//DTD PLIST 1.0//EN" "http://www.apple.com/DTDs/PropertyList-1.0.dtd">
<plist version="1.0">
<dict>
	<key>archiveVersion</key>
	<string>1</string>
	<key>classes</key>
	<dict/>
	<key>objectVersion</key>
	<string>46</string>
	<key>objects</key>
	<dict>
		<key>01769B78AB77F955EB6C0742</key>
		<dict>
			<key>fileEncoding</key>
			<string>4</string>
			<key>isa</key>
			<string>PBXFileReference</string>
			<key>lastKnownFileType</key>
			<string>archive.ar</string>
			<key>name</key>
			<string>libstdc++.tbd</string>
			<key>path</key>
			<string>usr/lib/libstdc++.tbd</string>
			<key>sourceTree</key>
			<string>SDKROOT</string>
		</dict>
		<key>01B4C56F140DB07EBCCDB22C</key>
		<dict>
			<key>fileEncoding</key>
			<string>4</string>
			<key>isa</key>
			<string>PBXFileReference</string>
			<key>lastKnownFileType</key>
			<string>text.plist.strings</string>
			<key>name</key>
			<string>info.plist</string>
			<key>path</key>
			<string>../../../AppCanPluginTools-iOS/resource/IDEPluginProjectPackageResource/info.plist</string>
			<key>sourceTree</key>
			<string>&lt;group&gt;</string>
		</dict>
		<key>034BF61918B2EED00074D5B7</key>
		<dict>
			<key>children</key>
			<array>
				<string>034BF62718B2EED00074D5B7</string>
				<string>034BF62418B2EED00074D5B7</string>
				<string>313AF0BBE8807564A5C155F2</string>
				<string>7648ABD6094119921280C333</string>
				<string>034BF62318B2EED00074D5B7</string>
			</array>
			<key>isa</key>
			<string>PBXGroup</string>
			<key>sourceTree</key>
			<string>&lt;group&gt;</string>
		</dict>
		<key>034BF61A18B2EED00074D5B7</key>
		<dict>
			<key>attributes</key>
			<dict>
				<key>LastUpgradeCheck</key>
				<string>0500</string>
				<key>ORGANIZATIONNAME</key>
				<string>zhengcuan</string>
			</dict>
			<key>buildConfigurationList</key>
			<string>034BF61D18B2EED00074D5B7</string>
			<key>compatibilityVersion</key>
			<string>Xcode 3.2</string>
			<key>developmentRegion</key>
			<string>English</string>
			<key>hasScannedForEncodings</key>
			<string>0</string>
			<key>isa</key>
			<string>PBXProject</string>
			<key>knownRegions</key>
			<array>
				<string>en</string>
			</array>
			<key>mainGroup</key>
			<string>034BF61918B2EED00074D5B7</string>
			<key>productRefGroup</key>
			<string>034BF62318B2EED00074D5B7</string>
			<key>projectDirPath</key>
			<string></string>
			<key>projectRoot</key>
			<string></string>
			<key>targets</key>
			<array>
				<string>034BF62118B2EED00074D5B7</string>
			</array>
		</dict>
		<key>034BF61D18B2EED00074D5B7</key>
		<dict>
			<key>buildConfigurations</key>
			<array>
				<string>034BF64318B2EED00074D5B7</string>
				<string>034BF64418B2EED00074D5B7</string>
			</array>
			<key>defaultConfigurationIsVisible</key>
			<string>0</string>
			<key>defaultConfigurationName</key>
			<string>Release</string>
			<key>isa</key>
			<string>XCConfigurationList</string>
		</dict>
		<key>034BF61E18B2EED00074D5B7</key>
		<dict>
			<key>buildActionMask</key>
			<string>2147483647</string>
			<key>files</key>
			<array>
				<string>F76C308E1BAFA95C006AB42A</string>
				<string>034BF65E18B2EF400074D5B7</string>
			</array>
			<key>isa</key>
			<string>PBXSourcesBuildPhase</string>
			<key>runOnlyForDeploymentPostprocessing</key>
			<string>0</string>
		</dict>
		<key>034BF61F18B2EED00074D5B7</key>
		<dict>
			<key>buildActionMask</key>
			<string>2147483647</string>
			<key>files</key>
			<array>
				<string>034BF62618B2EED00074D5B7</string>
				<string>A187C962FE6780A4253B7087</string>
				<string>ED714A7A992A40BB1A7A8FE2</string>
				<string>E80EB73DD07B02A2E8047D78</string>
				<string>C46140FD07349E312F993189</string>
				<string>EF2E71924AB2FE74B6CE94CD</string>
				<string>EB2FA39D43C4D0CC5C539199</string>
				<string>4F5CF8C6F40AF91B99F8AA81</string>
				<string>1B512BDA10A2305E339B8F8B</string>
				<string>6EC2489C6E87630139FD7AAE</string>
				<string>E5BA1F80F35F37A341E1E656</string>
				<string>3967AAAA16F98D54C91C548D</string>
				<string>F9D65E37684F23A38AB6B2AB</string>
				<string>279DB1DB9ECC2758C73F703B</string>
				<string>2EDD88F90DF2803676482DDB</string>
				<string>F18C17EBB9E9F6FA8B1E2846</string>
				<string>96B0E874C5A4FE73CA6B2BEB</string>
				<string>809AF4147A0891CE8A15CF5E</string>
				<string>F2C6FD33632F07B48C7A1944</string>
				<string>07599DE2C13B811E027AA645</string>
				<string>73239B60BA89ABC2294D1CFE</string>
				<string>851F0E188AC0C01885E8CE94</string>
			</array>
			<key>isa</key>
			<string>PBXFrameworksBuildPhase</string>
			<key>runOnlyForDeploymentPostprocessing</key>
			<string>0</string>
		</dict>
		<key>034BF62018B2EED00074D5B7</key>
		<dict>
			<key>buildActionMask</key>
			<string>2147483647</string>
			<key>dstPath</key>
			<string>include/$(PRODUCT_NAME)</string>
			<key>dstSubfolderSpec</key>
			<string>16</string>
			<key>files</key>
			<array/>
			<key>isa</key>
			<string>PBXCopyFilesBuildPhase</string>
			<key>runOnlyForDeploymentPostprocessing</key>
			<string>0</string>
		</dict>
		<key>034BF62118B2EED00074D5B7</key>
		<dict>
			<key>buildConfigurationList</key>
			<string>034BF64518B2EED00074D5B7</string>
			<key>buildPhases</key>
			<array>
				<string>034BF61E18B2EED00074D5B7</string>
				<string>034BF61F18B2EED00074D5B7</string>
			</array>
			<key>buildRules</key>
			<array/>
			<key>dependencies</key>
			<array/>
			<key>isa</key>
			<string>PBXNativeTarget</string>
			<key>name</key>
			<string>EUExZip</string>
			<key>productName</key>
			<string>EUExZip</string>
			<key>productReference</key>
			<string>034BF62218B2EED00074D5B7</string>
			<key>productType</key>
			<string>com.apple.product-type.framework</string>
		</dict>
		<key>034BF62218B2EED00074D5B7</key>
		<dict>
			<key>explicitFileType</key>
			<string>archive.ar</string>
			<key>includeInIndex</key>
			<string>0</string>
			<key>isa</key>
			<string>PBXFileReference</string>
			<key>name</key>
			<string>uexZip.framework</string>
			<key>path</key>
			<string>uexZip.framework</string>
			<key>sourceTree</key>
			<string>BUILT_PRODUCTS_DIR</string>
		</dict>
		<key>034BF62318B2EED00074D5B7</key>
		<dict>
			<key>children</key>
			<array>
				<string>034BF62218B2EED00074D5B7</string>
			</array>
			<key>isa</key>
			<string>PBXGroup</string>
			<key>name</key>
			<string>Products</string>
			<key>sourceTree</key>
			<string>&lt;group&gt;</string>
		</dict>
		<key>034BF62418B2EED00074D5B7</key>
		<dict>
			<key>children</key>
			<array>
				<string>034BF62518B2EED00074D5B7</string>
			</array>
			<key>isa</key>
			<string>PBXGroup</string>
			<key>name</key>
			<string>Frameworks</string>
			<key>sourceTree</key>
			<string>&lt;group&gt;</string>
		</dict>
		<key>034BF62518B2EED00074D5B7</key>
		<dict>
			<key>isa</key>
			<string>PBXFileReference</string>
			<key>lastKnownFileType</key>
			<string>wrapper.framework</string>
			<key>name</key>
			<string>Foundation.framework</string>
			<key>path</key>
			<string>System/Library/Frameworks/Foundation.framework</string>
			<key>sourceTree</key>
			<string>SDKROOT</string>
		</dict>
		<key>034BF62618B2EED00074D5B7</key>
		<dict>
			<key>fileRef</key>
			<string>034BF62518B2EED00074D5B7</string>
			<key>isa</key>
			<string>PBXBuildFile</string>
		</dict>
		<key>034BF62718B2EED00074D5B7</key>
		<dict>
			<key>children</key>
			<array>
				<string>034BF64B18B2EF400074D5B7</string>
				<string>034BF64F18B2EF400074D5B7</string>
				<string>034BF65018B2EF400074D5B7</string>
				<string>034BF65118B2EF400074D5B7</string>
				<string>034BF62818B2EED00074D5B7</string>
			</array>
			<key>isa</key>
			<string>PBXGroup</string>
			<key>path</key>
			<string>EUExZip</string>
			<key>sourceTree</key>
			<string>&lt;group&gt;</string>
		</dict>
		<key>034BF62818B2EED00074D5B7</key>
		<dict>
			<key>children</key>
			<array>
				<string>034BF62918B2EED00074D5B7</string>
			</array>
			<key>isa</key>
			<string>PBXGroup</string>
			<key>name</key>
			<string>Supporting Files</string>
			<key>sourceTree</key>
			<string>&lt;group&gt;</string>
		</dict>
		<key>034BF62918B2EED00074D5B7</key>
		<dict>
			<key>isa</key>
			<string>PBXFileReference</string>
			<key>lastKnownFileType</key>
			<string>sourcecode.c.h</string>
			<key>path</key>
			<string>EUExZip-Prefix.pch</string>
			<key>sourceTree</key>
			<string>&lt;group&gt;</string>
		</dict>
		<key>034BF64318B2EED00074D5B7</key>
		<dict>
			<key>buildSettings</key>
			<dict>
				<key>ALWAYS_SEARCH_USER_PATHS</key>
				<string>NO</string>
				<key>ARCHS</key>
				<string>$(ARCHS_STANDARD_INCLUDING_64_BIT)</string>
				<key>CLANG_CXX_LANGUAGE_STANDARD</key>
				<string>gnu++0x</string>
				<key>CLANG_CXX_LIBRARY</key>
				<string>libc++</string>
				<key>CLANG_ENABLE_MODULES</key>
				<string>YES</string>
				<key>CLANG_ENABLE_OBJC_ARC</key>
				<string>YES</string>
				<key>CLANG_WARN_BOOL_CONVERSION</key>
				<string>YES</string>
				<key>CLANG_WARN_CONSTANT_CONVERSION</key>
				<string>YES</string>
				<key>CLANG_WARN_DIRECT_OBJC_ISA_USAGE</key>
				<string>YES_ERROR</string>
				<key>CLANG_WARN_EMPTY_BODY</key>
				<string>YES</string>
				<key>CLANG_WARN_ENUM_CONVERSION</key>
				<string>YES</string>
				<key>CLANG_WARN_INT_CONVERSION</key>
				<string>YES</string>
				<key>CLANG_WARN_OBJC_ROOT_CLASS</key>
				<string>YES_ERROR</string>
				<key>CLANG_WARN__DUPLICATE_METHOD_MATCH</key>
				<string>YES</string>
				<key>COPY_PHASE_STRIP</key>
				<string>NO</string>
				<key>DEBUG_INFORMATION_FORMAT</key>
				<string>dwarf</string>
				<key>GCC_C_LANGUAGE_STANDARD</key>
				<string>gnu99</string>
				<key>GCC_DYNAMIC_NO_PIC</key>
				<string>NO</string>
				<key>GCC_OPTIMIZATION_LEVEL</key>
				<string>0</string>
				<key>GCC_PREPROCESSOR_DEFINITIONS</key>
				<array>
					<string>DEBUG=1</string>
					<string>$(inherited)</string>
				</array>
				<key>GCC_SYMBOLS_PRIVATE_EXTERN</key>
				<string>NO</string>
				<key>GCC_WARN_64_TO_32_BIT_CONVERSION</key>
				<string>YES</string>
				<key>GCC_WARN_ABOUT_RETURN_TYPE</key>
				<string>YES_ERROR</string>
				<key>GCC_WARN_UNDECLARED_SELECTOR</key>
				<string>YES</string>
				<key>GCC_WARN_UNINITIALIZED_AUTOS</key>
				<string>YES</string>
				<key>GCC_WARN_UNUSED_FUNCTION</key>
				<string>YES</string>
				<key>GCC_WARN_UNUSED_VARIABLE</key>
				<string>YES</string>
				<key>IPHONEOS_DEPLOYMENT_TARGET</key>
				<string>8.0</string>
				<key>ONLY_ACTIVE_ARCH</key>
				<string>NO</string>
				<key>SDKROOT</key>
				<string>iphoneos</string>
				<key>TARGETED_DEVICE_FAMILY</key>
				<string>1,2</string>
			</dict>
			<key>isa</key>
			<string>XCBuildConfiguration</string>
			<key>name</key>
			<string>Debug</string>
		</dict>
		<key>034BF64418B2EED00074D5B7</key>
		<dict>
			<key>buildSettings</key>
			<dict>
				<key>ALWAYS_SEARCH_USER_PATHS</key>
				<string>NO</string>
				<key>ARCHS</key>
				<string>$(ARCHS_STANDARD_INCLUDING_64_BIT)</string>
				<key>CLANG_CXX_LANGUAGE_STANDARD</key>
				<string>gnu++0x</string>
				<key>CLANG_CXX_LIBRARY</key>
				<string>libc++</string>
				<key>CLANG_ENABLE_MODULES</key>
				<string>YES</string>
				<key>CLANG_ENABLE_OBJC_ARC</key>
				<string>YES</string>
				<key>CLANG_WARN_BOOL_CONVERSION</key>
				<string>YES</string>
				<key>CLANG_WARN_CONSTANT_CONVERSION</key>
				<string>YES</string>
				<key>CLANG_WARN_DIRECT_OBJC_ISA_USAGE</key>
				<string>YES_ERROR</string>
				<key>CLANG_WARN_EMPTY_BODY</key>
				<string>YES</string>
				<key>CLANG_WARN_ENUM_CONVERSION</key>
				<string>YES</string>
				<key>CLANG_WARN_INT_CONVERSION</key>
				<string>YES</string>
				<key>CLANG_WARN_OBJC_ROOT_CLASS</key>
				<string>YES_ERROR</string>
				<key>CLANG_WARN__DUPLICATE_METHOD_MATCH</key>
				<string>YES</string>
				<key>COPY_PHASE_STRIP</key>
				<string>YES</string>
				<key>DEBUG_INFORMATION_FORMAT</key>
				<string>dwarf</string>
				<key>ENABLE_NS_ASSERTIONS</key>
				<string>NO</string>
				<key>GCC_C_LANGUAGE_STANDARD</key>
				<string>gnu99</string>
				<key>GCC_WARN_64_TO_32_BIT_CONVERSION</key>
				<string>YES</string>
				<key>GCC_WARN_ABOUT_RETURN_TYPE</key>
				<string>YES_ERROR</string>
				<key>GCC_WARN_UNDECLARED_SELECTOR</key>
				<string>YES</string>
				<key>GCC_WARN_UNINITIALIZED_AUTOS</key>
				<string>YES</string>
				<key>GCC_WARN_UNUSED_FUNCTION</key>
				<string>YES</string>
				<key>GCC_WARN_UNUSED_VARIABLE</key>
				<string>YES</string>
				<key>IPHONEOS_DEPLOYMENT_TARGET</key>
				<string>8.0</string>
				<key>ONLY_ACTIVE_ARCH</key>
				<string>NO</string>
				<key>SDKROOT</key>
				<string>iphoneos</string>
				<key>TARGETED_DEVICE_FAMILY</key>
				<string>1,2</string>
				<key>VALIDATE_PRODUCT</key>
				<string>YES</string>
			</dict>
			<key>isa</key>
			<string>XCBuildConfiguration</string>
			<key>name</key>
			<string>Release</string>
		</dict>
		<key>034BF64518B2EED00074D5B7</key>
		<dict>
			<key>buildConfigurations</key>
			<array>
				<string>034BF64618B2EED00074D5B7</string>
				<string>034BF64718B2EED00074D5B7</string>
			</array>
			<key>defaultConfigurationIsVisible</key>
			<string>0</string>
			<key>defaultConfigurationName</key>
			<string>Release</string>
			<key>isa</key>
			<string>XCConfigurationList</string>
		</dict>
		<key>034BF64618B2EED00074D5B7</key>
		<dict>
			<key>buildSettings</key>
			<dict>
				<key>ARCHS</key>
				<string>$(ARCHS_STANDARD)</string>
				<key>BUNDLE_IDENTIFIER</key>
				<string>com.zywx.runner</string>
				<key>CLANG_ENABLE_OBJC_ARC</key>
				<string>NO</string>
				<key>CONFIGURATION_BUILD_DIR</key>
				<string>$(SRCROOT)/uexZip/IDE/</string>
				<key>DEBUG_INFORMATION_FORMAT</key>
				<string>dwarf</string>
				<key>DEFINES_MODULE</key>
				<string>YES</string>
				<key>DSTROOT</key>
				<string>/tmp/EUExZip.dst</string>
				<key>DYLIB_COMPATIBILITY_VERSION</key>
				<string>1</string>
				<key>DYLIB_CURRENT_VERSION</key>
				<string>1</string>
				<key>DYLIB_INSTALL_NAME_BASE</key>
				<string>@rpath</string>
				<key>ENABLE_BITCODE</key>
				<string>NO</string>
				<key>FRAMEWORK_SEARCH_PATHS</key>
				<array>
					<string>$(inherited)</string>
					<string>$(PROJECT_DIR)/EUExZip/engineHeader</string>
					<string>$(PROJECT_DIR)</string>
					<string>$(SRCROOT)/../../AppCanPluginTools-iOS/resource/IDEPluginProjectPackageResource</string>
				</array>
				<key>GCC_PRECOMPILE_PREFIX_HEADER</key>
				<string>YES</string>
				<key>GCC_PREFIX_HEADER</key>
				<string>EUExZip/EUExZip-Prefix.pch</string>
				<key>HEADER_SEARCH_PATHS</key>
				<array>
					<string>$(SRCROOT)/../../AppCanPluginTools-iOS/resource/IDEPluginProjectPackageResource</string>
				</array>
				<key>INFOPLIST_FILE</key>
				<string>$(SRCROOT)/../../AppCanPluginTools-iOS/resource/IDEPluginProjectPackageResource/info.plist</string>
				<key>INSTALL_PATH</key>
				<string>$(LOCAL_LIBRARY_DIR)/Frameworks</string>
				<key>IPHONEOS_DEPLOYMENT_TARGET</key>
				<string>8.0</string>
				<key>LD_RUNPATH_SEARCH_PATHS</key>
				<array>
					<string>$(inherited)</string>
					<string>@executable_path/Frameworks</string>
					<string>@executable_path</string>
					<string>@loader_path/Frameworks</string>
					<string>@loader_path</string>
				</array>
				<key>LIBRARY_SEARCH_PATHS</key>
				<array>
					<string>$(inherited)</string>
					<string>$(SRCROOT)/../../AppCanPluginTools-iOS/resource/IDEPluginProjectPackageResource</string>
				</array>
				<key>ONLY_ACTIVE_ARCH</key>
				<string>NO</string>
				<key>OTHER_LDFLAGS</key>
				<array>
					<string>-ObjC</string>
					<string>$(SRCROOT)/../../AppCanPluginTools-iOS/resource/IDEPluginProjectPackageResource/AppCanKit.framework/AppCanKit</string>
				</array>
				<key>PRODUCT_NAME</key>
				<string>uexZip</string>
				<key>PROVISIONING_PROFILE</key>
				<string>3046553f-5c0d-4f94-8f3c-dd49ce267880</string>
				<key>SKIP_INSTALL</key>
				<string>YES</string>
			</dict>
			<key>isa</key>
			<string>XCBuildConfiguration</string>
			<key>name</key>
			<string>Debug</string>
		</dict>
		<key>034BF64718B2EED00074D5B7</key>
		<dict>
			<key>buildSettings</key>
			<dict>
				<key>ARCHS</key>
				<string>$(ARCHS_STANDARD)</string>
				<key>BUNDLE_IDENTIFIER</key>
				<string>com.zywx.runner</string>
				<key>CLANG_ENABLE_OBJC_ARC</key>
				<string>NO</string>
				<key>CONFIGURATION_BUILD_DIR</key>
				<string>$(SRCROOT)/uexZip/IDE/</string>
				<key>DEBUG_INFORMATION_FORMAT</key>
				<string>dwarf</string>
				<key>DEFINES_MODULE</key>
				<string>YES</string>
				<key>DSTROOT</key>
				<string>/tmp/EUExZip.dst</string>
				<key>DYLIB_COMPATIBILITY_VERSION</key>
				<string>1</string>
				<key>DYLIB_CURRENT_VERSION</key>
				<string>1</string>
				<key>DYLIB_INSTALL_NAME_BASE</key>
				<string>@rpath</string>
				<key>ENABLE_BITCODE</key>
				<string>NO</string>
				<key>FRAMEWORK_SEARCH_PATHS</key>
				<array>
					<string>$(inherited)</string>
					<string>$(PROJECT_DIR)/EUExZip/engineHeader</string>
					<string>$(PROJECT_DIR)</string>
					<string>$(SRCROOT)/../../AppCanPluginTools-iOS/resource/IDEPluginProjectPackageResource</string>
				</array>
				<key>GCC_PRECOMPILE_PREFIX_HEADER</key>
				<string>YES</string>
				<key>GCC_PREFIX_HEADER</key>
				<string>EUExZip/EUExZip-Prefix.pch</string>
				<key>HEADER_SEARCH_PATHS</key>
				<array>
					<string>$(SRCROOT)/../../AppCanPluginTools-iOS/resource/IDEPluginProjectPackageResource</string>
				</array>
				<key>INFOPLIST_FILE</key>
				<string>$(SRCROOT)/../../AppCanPluginTools-iOS/resource/IDEPluginProjectPackageResource/info.plist</string>
				<key>INSTALL_PATH</key>
				<string>$(LOCAL_LIBRARY_DIR)/Frameworks</string>
				<key>IPHONEOS_DEPLOYMENT_TARGET</key>
				<string>8.0</string>
				<key>LD_RUNPATH_SEARCH_PATHS</key>
				<array>
					<string>$(inherited)</string>
					<string>@executable_path/Frameworks</string>
					<string>@executable_path</string>
					<string>@loader_path/Frameworks</string>
					<string>@loader_path</string>
				</array>
				<key>LIBRARY_SEARCH_PATHS</key>
				<array>
					<string>$(inherited)</string>
					<string>$(SRCROOT)/../../AppCanPluginTools-iOS/resource/IDEPluginProjectPackageResource</string>
				</array>
				<key>ONLY_ACTIVE_ARCH</key>
				<string>NO</string>
				<key>OTHER_LDFLAGS</key>
				<array>
					<string>-ObjC</string>
					<string>$(SRCROOT)/../../AppCanPluginTools-iOS/resource/IDEPluginProjectPackageResource/AppCanKit.framework/AppCanKit</string>
				</array>
				<key>PRODUCT_NAME</key>
				<string>uexZip</string>
				<key>PROVISIONING_PROFILE</key>
				<string>3046553f-5c0d-4f94-8f3c-dd49ce267880</string>
				<key>SKIP_INSTALL</key>
				<string>YES</string>
			</dict>
			<key>isa</key>
			<string>XCBuildConfiguration</string>
			<key>name</key>
			<string>Release</string>
		</dict>
		<key>034BF64B18B2EF400074D5B7</key>
		<dict>
			<key>children</key>
			<array>
				<string>2171792C1D34829B006C4582</string>
				<string>034BF64D18B2EF400074D5B7</string>
				<string>034BF64E18B2EF400074D5B7</string>
			</array>
			<key>isa</key>
			<string>PBXGroup</string>
			<key>path</key>
			<string>engineHeader</string>
			<key>sourceTree</key>
			<string>&lt;group&gt;</string>
		</dict>
		<key>034BF64D18B2EF400074D5B7</key>
		<dict>
			<key>fileEncoding</key>
			<string>4</string>
			<key>isa</key>
			<string>PBXFileReference</string>
			<key>lastKnownFileType</key>
			<string>sourcecode.c.h</string>
			<key>path</key>
			<string>EUExBaseDefine.h</string>
			<key>sourceTree</key>
			<string>&lt;group&gt;</string>
		</dict>
		<key>034BF64E18B2EF400074D5B7</key>
		<dict>
			<key>fileEncoding</key>
			<string>4</string>
			<key>isa</key>
			<string>PBXFileReference</string>
			<key>lastKnownFileType</key>
			<string>sourcecode.c.h</string>
			<key>path</key>
			<string>EUtility.h</string>
			<key>sourceTree</key>
			<string>&lt;group&gt;</string>
		</dict>
		<key>034BF64F18B2EF400074D5B7</key>
		<dict>
			<key>fileEncoding</key>
			<string>4</string>
			<key>isa</key>
			<string>PBXFileReference</string>
			<key>lastKnownFileType</key>
			<string>sourcecode.c.h</string>
			<key>path</key>
			<string>EUExZip.h</string>
			<key>sourceTree</key>
			<string>&lt;group&gt;</string>
		</dict>
		<key>034BF65018B2EF400074D5B7</key>
		<dict>
			<key>fileEncoding</key>
			<string>4</string>
			<key>isa</key>
			<string>PBXFileReference</string>
			<key>lastKnownFileType</key>
			<string>sourcecode.c.objc</string>
			<key>path</key>
			<string>EUExZip.m</string>
			<key>sourceTree</key>
			<string>&lt;group&gt;</string>
		</dict>
		<key>034BF65118B2EF400074D5B7</key>
		<dict>
			<key>children</key>
			<array>
				<string>034BF65218B2EF400074D5B7</string>
				<string>034BF65C18B2EF400074D5B7</string>
				<string>F76C308D1BAFA95C006AB42A</string>
			</array>
			<key>isa</key>
			<string>PBXGroup</string>
			<key>path</key>
			<string>sourceCode</string>
			<key>sourceTree</key>
			<string>&lt;group&gt;</string>
		</dict>
		<key>034BF65218B2EF400074D5B7</key>
		<dict>
			<key>children</key>
			<array>
				<string>034BF65318B2EF400074D5B7</string>
				<string>034BF65518B2EF400074D5B7</string>
				<string>034BF65718B2EF400074D5B7</string>
				<string>034BF65918B2EF400074D5B7</string>
				<string>034BF65B18B2EF400074D5B7</string>
			</array>
			<key>isa</key>
			<string>PBXGroup</string>
			<key>path</key>
			<string>minizip</string>
			<key>sourceTree</key>
			<string>&lt;group&gt;</string>
		</dict>
		<key>034BF65318B2EF400074D5B7</key>
		<dict>
			<key>fileEncoding</key>
			<string>4</string>
			<key>isa</key>
			<string>PBXFileReference</string>
			<key>lastKnownFileType</key>
			<string>sourcecode.c.h</string>
			<key>path</key>
			<string>crypt.h</string>
			<key>sourceTree</key>
			<string>&lt;group&gt;</string>
		</dict>
		<key>034BF65518B2EF400074D5B7</key>
		<dict>
			<key>fileEncoding</key>
			<string>4</string>
			<key>isa</key>
			<string>PBXFileReference</string>
			<key>lastKnownFileType</key>
			<string>sourcecode.c.h</string>
			<key>path</key>
			<string>ioapi.h</string>
			<key>sourceTree</key>
			<string>&lt;group&gt;</string>
		</dict>
		<key>034BF65718B2EF400074D5B7</key>
		<dict>
			<key>fileEncoding</key>
			<string>4</string>
			<key>isa</key>
			<string>PBXFileReference</string>
			<key>lastKnownFileType</key>
			<string>sourcecode.c.h</string>
			<key>path</key>
			<string>mztools.h</string>
			<key>sourceTree</key>
			<string>&lt;group&gt;</string>
		</dict>
		<key>034BF65918B2EF400074D5B7</key>
		<dict>
			<key>fileEncoding</key>
			<string>4</string>
			<key>isa</key>
			<string>PBXFileReference</string>
			<key>lastKnownFileType</key>
			<string>sourcecode.c.h</string>
			<key>path</key>
			<string>unzip.h</string>
			<key>sourceTree</key>
			<string>&lt;group&gt;</string>
		</dict>
		<key>034BF65B18B2EF400074D5B7</key>
		<dict>
			<key>fileEncoding</key>
			<string>4</string>
			<key>isa</key>
			<string>PBXFileReference</string>
			<key>lastKnownFileType</key>
			<string>sourcecode.c.h</string>
			<key>path</key>
			<string>zip.h</string>
			<key>sourceTree</key>
			<string>&lt;group&gt;</string>
		</dict>
		<key>034BF65C18B2EF400074D5B7</key>
		<dict>
			<key>fileEncoding</key>
			<string>4</string>
			<key>isa</key>
			<string>PBXFileReference</string>
			<key>lastKnownFileType</key>
			<string>sourcecode.c.h</string>
			<key>path</key>
			<string>UexZipArchive.h</string>
			<key>sourceTree</key>
			<string>&lt;group&gt;</string>
		</dict>
		<key>034BF65E18B2EF400074D5B7</key>
		<dict>
			<key>fileRef</key>
			<string>034BF65018B2EF400074D5B7</string>
			<key>isa</key>
			<string>PBXBuildFile</string>
		</dict>
		<key>07599DE2C13B811E027AA645</key>
		<dict>
			<key>fileRef</key>
			<string>A9F74045F10E2276DDADC3FA</string>
			<key>isa</key>
			<string>PBXBuildFile</string>
		</dict>
		<key>0CE2A3811A1848F239A57BDF</key>
		<dict>
			<key>fileEncoding</key>
			<string>4</string>
			<key>isa</key>
			<string>PBXFileReference</string>
			<key>lastKnownFileType</key>
			<string>wrapper.framework</string>
			<key>name</key>
			<string>QuartzCore.framework</string>
			<key>path</key>
			<string>System/Library/Frameworks/QuartzCore.framework</string>
			<key>sourceTree</key>
			<string>SDKROOT</string>
		</dict>
		<key>0EDF6693ADEBB86F7E63141E</key>
		<dict>
			<key>fileEncoding</key>
			<string>4</string>
			<key>isa</key>
			<string>PBXFileReference</string>
			<key>lastKnownFileType</key>
			<string>wrapper.framework</string>
			<key>name</key>
			<string>CoreMotion.framework</string>
			<key>path</key>
			<string>System/Library/Frameworks/CoreMotion.framework</string>
			<key>sourceTree</key>
			<string>SDKROOT</string>
		</dict>
		<key>12B0CB0371EBB26C056952A9</key>
		<dict>
			<key>fileEncoding</key>
			<string>4</string>
			<key>isa</key>
			<string>PBXFileReference</string>
			<key>lastKnownFileType</key>
			<string>wrapper.framework</string>
			<key>name</key>
			<string>ImageIO.framework</string>
			<key>path</key>
			<string>System/Library/Frameworks/ImageIO.framework</string>
			<key>sourceTree</key>
			<string>SDKROOT</string>
		</dict>
		<key>141EF6691DB33B94D50864B8</key>
		<dict>
			<key>fileEncoding</key>
			<string>4</string>
			<key>isa</key>
			<string>PBXFileReference</string>
			<key>lastKnownFileType</key>
			<string>archive.ar</string>
			<key>name</key>
			<string>libc++.tbd</string>
			<key>path</key>
			<string>usr/lib/libc++.tbd</string>
			<key>sourceTree</key>
			<string>SDKROOT</string>
		</dict>
		<key>17999E7A0BB69F6737E6D19F</key>
		<dict>
			<key>fileEncoding</key>
			<string>4</string>
			<key>isa</key>
			<string>PBXFileReference</string>
			<key>lastKnownFileType</key>
			<string>wrapper.framework</string>
			<key>name</key>
			<string>MobileCoreServices.framework</string>
			<key>path</key>
			<string>System/Library/Frameworks/MobileCoreServices.framework</string>
			<key>sourceTree</key>
			<string>SDKROOT</string>
		</dict>
		<key>1B512BDA10A2305E339B8F8B</key>
		<dict>
			<key>fileRef</key>
			<string>D1C7DFE193E4455E86906CA3</string>
			<key>isa</key>
			<string>PBXBuildFile</string>
		</dict>
		<key>2171792D1D34829B006C4582</key>
		<dict>
			<key>fileRef</key>
			<string>2171792C1D34829B006C4582</string>
			<key>isa</key>
			<string>PBXBuildFile</string>
		</dict>
		<key>279DB1DB9ECC2758C73F703B</key>
		<dict>
			<key>fileRef</key>
			<string>69FF4090318C0190A8105469</string>
			<key>isa</key>
			<string>PBXBuildFile</string>
		</dict>
		<key>2EDD88F90DF2803676482DDB</key>
		<dict>
			<key>fileRef</key>
			<string>909A7EA8318BEAF59A1366CE</string>
			<key>isa</key>
			<string>PBXBuildFile</string>
		</dict>
		<key>313AF0BBE8807564A5C155F2</key>
		<dict>
			<key>children</key>
			<array>
				<string>D4CF9C0875EA92A562CE18F5</string>
				<string>C81D22277DAEE59F9CDEB5E2</string>
				<string>F07E0A1347471B4BF5DB8B63</string>
				<string>12B0CB0371EBB26C056952A9</string>
				<string>B8DD2B61112A0CEDA617AFBA</string>
				<string>17999E7A0BB69F6737E6D19F</string>
				<string>D077E7E050BBF7A903FDB6AB</string>
				<string>D1C7DFE193E4455E86906CA3</string>
				<string>0CE2A3811A1848F239A57BDF</string>
				<string>834E50CB7017B308E62BBC7B</string>
				<string>34D7DE3A8F4CD94A4117F962</string>
				<string>D1C0911BC37D9405AE868073</string>
				<string>69FF4090318C0190A8105469</string>
				<string>909A7EA8318BEAF59A1366CE</string>
				<string>0EDF6693ADEBB86F7E63141E</string>
				<string>CB764787871FB7AD65E57541</string>
				<string>141EF6691DB33B94D50864B8</string>
				<string>01769B78AB77F955EB6C0742</string>
				<string>A9F74045F10E2276DDADC3FA</string>
				<string>BFE7BA4A97AC5C5FB2565A49</string>
			</array>
			<key>isa</key>
			<string>PBXGroup</string>
			<key>path</key>
			<string>IDE-Frameworks</string>
			<key>sourceTree</key>
			<string>&lt;group&gt;</string>
		</dict>
		<key>34D7DE3A8F4CD94A4117F962</key>
		<dict>
			<key>fileEncoding</key>
			<string>4</string>
			<key>isa</key>
			<string>PBXFileReference</string>
			<key>lastKnownFileType</key>
			<string>wrapper.framework</string>
			<key>name</key>
			<string>CoreLocation.framework</string>
			<key>path</key>
			<string>System/Library/Frameworks/CoreLocation.framework</string>
			<key>sourceTree</key>
			<string>SDKROOT</string>
		</dict>
		<key>3967AAAA16F98D54C91C548D</key>
		<dict>
			<key>fileRef</key>
			<string>34D7DE3A8F4CD94A4117F962</string>
			<key>isa</key>
			<string>PBXBuildFile</string>
		</dict>
		<key>4F5CF8C6F40AF91B99F8AA81</key>
		<dict>
			<key>fileRef</key>
			<string>D077E7E050BBF7A903FDB6AB</string>
			<key>isa</key>
			<string>PBXBuildFile</string>
		</dict>
		<key>69FF4090318C0190A8105469</key>
		<dict>
			<key>fileEncoding</key>
			<string>4</string>
			<key>isa</key>
			<string>PBXFileReference</string>
			<key>lastKnownFileType</key>
			<string>wrapper.framework</string>
			<key>name</key>
			<string>Accelerate.framework</string>
			<key>path</key>
			<string>System/Library/Frameworks/Accelerate.framework</string>
			<key>sourceTree</key>
			<string>SDKROOT</string>
		</dict>
		<key>6E607910C2BE7913F2C6BCBE</key>
		<dict>
			<key>fileEncoding</key>
			<string>4</string>
			<key>isa</key>
			<string>PBXFileReference</string>
			<key>lastKnownFileType</key>
			<string>wrapper.framework</string>
			<key>name</key>
			<string>AppCanEngine.framework</string>
			<key>path</key>
			<string>../../../AppCanPluginTools-iOS/resource/IDEPluginProjectPackageResource/AppCanEngine.framework</string>
			<key>sourceTree</key>
			<string>&lt;group&gt;</string>
		</dict>
		<key>6EC2489C6E87630139FD7AAE</key>
		<dict>
			<key>fileRef</key>
			<string>0CE2A3811A1848F239A57BDF</string>
			<key>isa</key>
			<string>PBXBuildFile</string>
		</dict>
		<key>73239B60BA89ABC2294D1CFE</key>
		<dict>
			<key>fileRef</key>
			<string>BFE7BA4A97AC5C5FB2565A49</string>
			<key>isa</key>
			<string>PBXBuildFile</string>
		</dict>
		<key>7648ABD6094119921280C333</key>
		<dict>
			<key>children</key>
			<array>
				<string>6E607910C2BE7913F2C6BCBE</string>
				<string>01B4C56F140DB07EBCCDB22C</string>
			</array>
			<key>isa</key>
			<string>PBXGroup</string>
			<key>path</key>
			<string>AppCanEngine</string>
			<key>sourceTree</key>
			<string>&lt;group&gt;</string>
		</dict>
		<key>809AF4147A0891CE8A15CF5E</key>
		<dict>
			<key>fileRef</key>
			<string>141EF6691DB33B94D50864B8</string>
			<key>isa</key>
			<string>PBXBuildFile</string>
		</dict>
		<key>834E50CB7017B308E62BBC7B</key>
		<dict>
			<key>fileEncoding</key>
			<string>4</string>
			<key>isa</key>
			<string>PBXFileReference</string>
			<key>lastKnownFileType</key>
			<string>wrapper.framework</string>
			<key>name</key>
			<string>CoreImage.framework</string>
			<key>path</key>
			<string>System/Library/Frameworks/CoreImage.framework</string>
			<key>sourceTree</key>
			<string>SDKROOT</string>
		</dict>
		<key>851F0E188AC0C01885E8CE94</key>
		<dict>
			<key>fileRef</key>
			<string>6E607910C2BE7913F2C6BCBE</string>
			<key>isa</key>
			<string>PBXBuildFile</string>
		</dict>
		<key>909A7EA8318BEAF59A1366CE</key>
		<dict>
			<key>fileEncoding</key>
			<string>4</string>
			<key>isa</key>
			<string>PBXFileReference</string>
			<key>lastKnownFileType</key>
			<string>wrapper.framework</string>
			<key>name</key>
			<string>AVFoundation.framework</string>
			<key>path</key>
			<string>System/Library/Frameworks/AVFoundation.framework</string>
			<key>sourceTree</key>
			<string>SDKROOT</string>
		</dict>
		<key>96B0E874C5A4FE73CA6B2BEB</key>
		<dict>
			<key>fileRef</key>
			<string>CB764787871FB7AD65E57541</string>
			<key>isa</key>
			<string>PBXBuildFile</string>
		</dict>
		<key>A187C962FE6780A4253B7087</key>
		<dict>
			<key>fileRef</key>
			<string>D4CF9C0875EA92A562CE18F5</string>
			<key>isa</key>
			<string>PBXBuildFile</string>
		</dict>
		<key>A9F74045F10E2276DDADC3FA</key>
		<dict>
			<key>fileEncoding</key>
			<string>4</string>
			<key>isa</key>
			<string>PBXFileReference</string>
			<key>lastKnownFileType</key>
			<string>archive.ar</string>
			<key>name</key>
			<string>libsqlite3.tbd</string>
			<key>path</key>
			<string>usr/lib/libsqlite3.tbd</string>
			<key>sourceTree</key>
			<string>SDKROOT</string>
		</dict>
		<key>B8DD2B61112A0CEDA617AFBA</key>
		<dict>
			<key>fileEncoding</key>
			<string>4</string>
			<key>isa</key>
			<string>PBXFileReference</string>
			<key>lastKnownFileType</key>
			<string>wrapper.framework</string>
			<key>name</key>
			<string>CFNetWork.framework</string>
			<key>path</key>
			<string>System/Library/Frameworks/CFNetWork.framework</string>
			<key>sourceTree</key>
			<string>SDKROOT</string>
		</dict>
		<key>BFE7BA4A97AC5C5FB2565A49</key>
		<dict>
			<key>fileEncoding</key>
			<string>4</string>
			<key>isa</key>
			<string>PBXFileReference</string>
			<key>lastKnownFileType</key>
			<string>archive.ar</string>
			<key>name</key>
			<string>libz.tbd</string>
			<key>path</key>
			<string>usr/lib/libz.tbd</string>
			<key>sourceTree</key>
			<string>SDKROOT</string>
		</dict>
		<key>C46140FD07349E312F993189</key>
		<dict>
			<key>fileRef</key>
			<string>12B0CB0371EBB26C056952A9</string>
			<key>isa</key>
			<string>PBXBuildFile</string>
		</dict>
		<key>C81D22277DAEE59F9CDEB5E2</key>
		<dict>
			<key>fileEncoding</key>
			<string>4</string>
			<key>isa</key>
			<string>PBXFileReference</string>
			<key>lastKnownFileType</key>
			<string>wrapper.framework</string>
			<key>name</key>
			<string>AudioToolbox.framework</string>
			<key>path</key>
			<string>System/Library/Frameworks/AudioToolbox.framework</string>
			<key>sourceTree</key>
			<string>SDKROOT</string>
		</dict>
		<key>CB764787871FB7AD65E57541</key>
		<dict>
			<key>fileEncoding</key>
			<string>4</string>
			<key>isa</key>
			<string>PBXFileReference</string>
			<key>lastKnownFileType</key>
			<string>wrapper.framework</string>
			<key>name</key>
			<string>CoreTelephony.framework</string>
			<key>path</key>
			<string>System/Library/Frameworks/CoreTelephony.framework</string>
			<key>sourceTree</key>
			<string>SDKROOT</string>
		</dict>
		<key>D077E7E050BBF7A903FDB6AB</key>
		<dict>
			<key>fileEncoding</key>
			<string>4</string>
			<key>isa</key>
			<string>PBXFileReference</string>
			<key>lastKnownFileType</key>
			<string>wrapper.framework</string>
			<key>name</key>
			<string>UIKit.framework</string>
			<key>path</key>
			<string>System/Library/Frameworks/UIKit.framework</string>
			<key>sourceTree</key>
			<string>SDKROOT</string>
		</dict>
		<key>D1C0911BC37D9405AE868073</key>
		<dict>
			<key>fileEncoding</key>
			<string>4</string>
			<key>isa</key>
			<string>PBXFileReference</string>
			<key>lastKnownFileType</key>
			<string>wrapper.framework</string>
			<key>name</key>
			<string>MessageUI.framework</string>
			<key>path</key>
			<string>System/Library/Frameworks/MessageUI.framework</string>
			<key>sourceTree</key>
			<string>SDKROOT</string>
		</dict>
		<key>D1C7DFE193E4455E86906CA3</key>
		<dict>
			<key>fileEncoding</key>
			<string>4</string>
			<key>isa</key>
			<string>PBXFileReference</string>
			<key>lastKnownFileType</key>
			<string>wrapper.framework</string>
			<key>name</key>
			<string>CoreGraphics.framework</string>
			<key>path</key>
			<string>System/Library/Frameworks/CoreGraphics.framework</string>
			<key>sourceTree</key>
			<string>SDKROOT</string>
		</dict>
		<key>D4CF9C0875EA92A562CE18F5</key>
		<dict>
			<key>fileEncoding</key>
			<string>4</string>
			<key>isa</key>
			<string>PBXFileReference</string>
			<key>lastKnownFileType</key>
			<string>wrapper.framework</string>
			<key>name</key>
			<string>MapKit.framework</string>
			<key>path</key>
			<string>System/Library/Frameworks/MapKit.framework</string>
			<key>sourceTree</key>
			<string>SDKROOT</string>
		</dict>
		<key>E5BA1F80F35F37A341E1E656</key>
		<dict>
			<key>fileRef</key>
			<string>834E50CB7017B308E62BBC7B</string>
			<key>isa</key>
			<string>PBXBuildFile</string>
		</dict>
		<key>E80EB73DD07B02A2E8047D78</key>
		<dict>
			<key>fileRef</key>
			<string>F07E0A1347471B4BF5DB8B63</string>
			<key>isa</key>
			<string>PBXBuildFile</string>
		</dict>
		<key>EB2FA39D43C4D0CC5C539199</key>
		<dict>
			<key>fileRef</key>
			<string>17999E7A0BB69F6737E6D19F</string>
			<key>isa</key>
			<string>PBXBuildFile</string>
		</dict>
		<key>ED714A7A992A40BB1A7A8FE2</key>
		<dict>
			<key>fileRef</key>
			<string>C81D22277DAEE59F9CDEB5E2</string>
			<key>isa</key>
			<string>PBXBuildFile</string>
		</dict>
		<key>EF2E71924AB2FE74B6CE94CD</key>
		<dict>
			<key>fileRef</key>
			<string>B8DD2B61112A0CEDA617AFBA</string>
			<key>isa</key>
			<string>PBXBuildFile</string>
		</dict>
		<key>F07E0A1347471B4BF5DB8B63</key>
		<dict>
			<key>fileEncoding</key>
			<string>4</string>
			<key>isa</key>
			<string>PBXFileReference</string>
			<key>lastKnownFileType</key>
			<string>wrapper.framework</string>
			<key>name</key>
			<string>SystemConfiguration.framework</string>
			<key>path</key>
			<string>System/Library/Frameworks/SystemConfiguration.framework</string>
			<key>sourceTree</key>
			<string>SDKROOT</string>
		</dict>
		<key>F18C17EBB9E9F6FA8B1E2846</key>
		<dict>
			<key>fileRef</key>
			<string>0EDF6693ADEBB86F7E63141E</string>
			<key>isa</key>
			<string>PBXBuildFile</string>
		</dict>
		<key>F2C6FD33632F07B48C7A1944</key>
		<dict>
			<key>fileRef</key>
			<string>01769B78AB77F955EB6C0742</string>
			<key>isa</key>
			<string>PBXBuildFile</string>
		</dict>
		<key>F76C308D1BAFA95C006AB42A</key>
		<dict>
			<key>fileEncoding</key>
			<string>4</string>
			<key>isa</key>
			<string>PBXFileReference</string>
			<key>lastKnownFileType</key>
			<string>sourcecode.cpp.objcpp</string>
			<key>path</key>
			<string>UexZipArchive.mm</string>
			<key>sourceTree</key>
			<string>&lt;group&gt;</string>
		</dict>
		<key>F76C308E1BAFA95C006AB42A</key>
		<dict>
			<key>fileRef</key>
			<string>F76C308D1BAFA95C006AB42A</string>
			<key>isa</key>
			<string>PBXBuildFile</string>
		</dict>
		<key>F9D65E37684F23A38AB6B2AB</key>
		<dict>
			<key>fileRef</key>
			<string>D1C0911BC37D9405AE868073</string>
			<key>isa</key>
			<string>PBXBuildFile</string>
		</dict>
	</dict>
	<key>rootObject</key>
	<string>034BF61A18B2EED00074D5B7</string>
</dict>
</plist>
